
Microsoft Visual Studio Solution File, Format Version 12.00
# Visual Studio Version 17
VisualStudioVersion = 17.0.32014.148
MinimumVisualStudioVersion = 10.0.40219.1
Project("{00D1A9C2-B5F0-4AF3-8072-F6C62B433612}") = "Demo.CinemaProject.Database", "Demo.Cinema.Database\Demo.CinemaProject.Database.sqlproj", "{33E06C5E-B206-4542-BF8C-25457C868B5C}"
EndProject
Project("{2150E333-8FDC-42A3-9474-1A3956D46DE8}") = "DAL", "DAL", "{827384ED-00F6-41B8-AB6A-7DB6C8E77054}"
EndProject
Project("{9A19103F-16F7-4668-BE54-9A1E7A4F7556}") = "Demo.CinemaProject.DAL", "Demo.Cinema.DAL\Demo.CinemaProject.DAL.csproj", "{E5187288-8B3B-44DC-ACDE-29BB7583435B}"
EndProject
Project("{9A19103F-16F7-4668-BE54-9A1E7A4F7556}") = "Demo.CinemaProject.Common", "Demo.CinemaProject.Common\Demo.CinemaProject.Common.csproj", "{31922E44-E085-4E60-A4D4-AB33FA22DBE5}"
EndProject
Project("{2150E333-8FDC-42A3-9474-1A3956D46DE8}") = "BLL", "BLL", "{F225EF96-B306-43C4-AC68-5E57496E35B7}"
EndProject
Project("{FAE04EC0-301F-11D3-BF4B-00C04F79EFBC}") = "Demo.CinemaProject.BLL", "Demo.CinemaProject.BLL\Demo.CinemaProject.BLL.csproj", "{A250E257-DD10-4533-9CBD-C0E71490705A}"
EndProject
Global
	GlobalSection(SolutionConfigurationPlatforms) = preSolution
		Debug|Any CPU = Debug|Any CPU
		Release|Any CPU = Release|Any CPU
	EndGlobalSection
	GlobalSection(ProjectConfigurationPlatforms) = postSolution
		{33E06C5E-B206-4542-BF8C-25457C868B5C}.Debug|Any CPU.ActiveCfg = Debug|Any CPU
		{33E06C5E-B206-4542-BF8C-25457C868B5C}.Debug|Any CPU.Build.0 = Debug|Any CPU
		{33E06C5E-B206-4542-BF8C-25457C868B5C}.Debug|Any CPU.Deploy.0 = Debug|Any CPU
		{33E06C5E-B206-4542-BF8C-25457C868B5C}.Release|Any CPU.ActiveCfg = Release|Any CPU
		{33E06C5E-B206-4542-BF8C-25457C868B5C}.Release|Any CPU.Build.0 = Release|Any CPU
		{33E06C5E-B206-4542-BF8C-25457C868B5C}.Release|Any CPU.Deploy.0 = Release|Any CPU
		{E5187288-8B3B-44DC-ACDE-29BB7583435B}.Debug|Any CPU.ActiveCfg = Debug|Any CPU
		{E5187288-8B3B-44DC-ACDE-29BB7583435B}.Debug|Any CPU.Build.0 = Debug|Any CPU
		{E5187288-8B3B-44DC-ACDE-29BB7583435B}.Release|Any CPU.ActiveCfg = Release|Any CPU
		{E5187288-8B3B-44DC-ACDE-29BB7583435B}.Release|Any CPU.Build.0 = Release|Any CPU
		{31922E44-E085-4E60-A4D4-AB33FA22DBE5}.Debug|Any CPU.ActiveCfg = Debug|Any CPU
		{31922E44-E085-4E60-A4D4-AB33FA22DBE5}.Debug|Any CPU.Build.0 = Debug|Any CPU
		{31922E44-E085-4E60-A4D4-AB33FA22DBE5}.Release|Any CPU.ActiveCfg = Release|Any CPU
		{31922E44-E085-4E60-A4D4-AB33FA22DBE5}.Release|Any CPU.Build.0 = Release|Any CPU
		{A250E257-DD10-4533-9CBD-C0E71490705A}.Debug|Any CPU.ActiveCfg = Debug|Any CPU
		{A250E257-DD10-4533-9CBD-C0E71490705A}.Debug|Any CPU.Build.0 = Debug|Any CPU
		{A250E257-DD10-4533-9CBD-C0E71490705A}.Release|Any CPU.ActiveCfg = Release|Any CPU
		{A250E257-DD10-4533-9CBD-C0E71490705A}.Release|Any CPU.Build.0 = Release|Any CPU
	EndGlobalSection
	GlobalSection(SolutionProperties) = preSolution
		HideSolutionNode = FALSE
	EndGlobalSection
	GlobalSection(NestedProjects) = preSolution
		{E5187288-8B3B-44DC-ACDE-29BB7583435B} = {827384ED-00F6-41B8-AB6A-7DB6C8E77054}
		{A250E257-DD10-4533-9CBD-C0E71490705A} = {F225EF96-B306-43C4-AC68-5E57496E35B7}
	EndGlobalSection
	GlobalSection(ExtensibilityGlobals) = postSolution
		SolutionGuid = {398BB323-65D6-4AF2-84E3-6B22269F6EF8}
	EndGlobalSection
EndGlobal
